PODS:
  - MaterialComponents/BottomAppBar (68.0.0):
    - MaterialComponents/Buttons
    - MaterialComponents/NavigationBar
    - MaterialComponents/private/Math
    - MDFInternationalization
  - MaterialComponents/ButtonBar (68.0.0):
    - MaterialComponents/Buttons
    - MaterialComponents/private/Application
    - MDFInternationalization
  - MaterialComponents/Buttons (68.0.0):
    - MaterialComponents/Ink
    - MaterialComponents/private/Math
    - MaterialComponents/private/Shapes
    - MaterialComponents/ShadowElevations
    - MaterialComponents/ShadowLayer
    - MaterialComponents/Typography
    - MDFInternationalization
    - MDFTextAccessibility
  - MaterialComponents/Ink (68.0.0):
    - MaterialComponents/private/Math
  - MaterialComponents/NavigationBar (68.0.0):
    - MaterialComponents/ButtonBar
    - MaterialComponents/private/Math
    - MaterialComponents/Typography
    - MDFInternationalization
    - MDFTextAccessibility
  - MaterialComponents/private/Application (68.0.0)
  - MaterialComponents/private/Math (68.0.0)
  - MaterialComponents/private/Shapes (68.0.0):
    - MaterialComponents/private/Math
    - MaterialComponents/ShadowLayer
  - MaterialComponents/ShadowElevations (68.0.0)
  - MaterialComponents/ShadowLayer (68.0.0):
    - MaterialComponents/ShadowElevations
  - MaterialComponents/Typography (68.0.0):
    - MaterialComponents/private/Application
    - MaterialComponents/private/Math
  - MDFInternationalization (1.1.0)
  - MDFTextAccessibility (1.2.0)

DEPENDENCIES:
  - MaterialComponents/BottomAppBar

SPEC REPOS:
  https://github.com/cocoapods/specs.git:
    - MaterialComponents
    - MDFInternationalization
    - MDFTextAccessibility

SPEC CHECKSUMS:
  MaterialComponents: 2f9ee23abfc633502026aa34e0bdc9a489e1d00d
  MDFInternationalization: b5b8626628abf026e630e5ebaeee563037712cbb
  MDFTextAccessibility: 94098925e0853551c5a311ce7c1ecefbe297cdb6

PODFILE CHECKSUM: 743f588aac3bd849694d1556d0c732a71d37452d

COCOAPODS: 1.5.3
